# THIS IS AN AUTOGENERATED FILE. DO NOT EDIT THIS FILE DIRECTLY.
# yarn lockfile v1


"@types/three@^0.136.1":
  version "0.136.1"
  resolved "https://registry.npmjs.org/@types/three/-/three-0.136.1.tgz#030fc01cdc5ce82cad93db17b94a24515cb4b50e"
  integrity sha512-gzTw6RR4dU8sGf+RpLBWWKHRVIJ4gwKVQPk+IFCgha04Efg/itXYUalX6iBcYeSmaDu0qE5M7uTq0XLQpU4FAg==

three@^0.136.0:
  version "0.136.0"
  resolved "https://registry.npmjs.org/three/-/three-0.136.0.tgz#b1504db021b46398ef468aa7849f3dcabb814f50"
  integrity sha512-+fEMX7nYLz2ZesVP/dyifli5Jf8gR3XPAnFJveQ80aMhibFduzrADnjMbARXh8+W9qLK7rshJCjAIL/6cDxC+A==
